
Microsoft Visual Studio Solution File, Format Version 12.00
# Visual Studio 15
VisualStudioVersion = 15.0.28307.168
MinimumVisualStudioVersion = 10.0.40219.1
Project("{FAE04EC0-301F-11D3-BF4B-00C04F79EFBC}") = "NezPractice", "NezPractice.csproj", "{C31BB4BA-9914-4D9A-92C4-B520F126E8DE}"
EndProject
Project("{9A19103F-16F7-4668-BE54-9A1E7A4F7556}") = "Nez", "..\Nez\Nez.Portable\Nez.csproj", "{5CD23096-836D-47CB-BC3F-3C035C6F2C21}"
EndProject
Global
	GlobalSection(SolutionConfigurationPlatforms) = preSolution
		Debug|Any CPU = Debug|Any CPU
		Release|Any CPU = Release|Any CPU
	EndGlobalSection
	GlobalSection(ProjectConfigurationPlatforms) = postSolution
		{C31BB4BA-9914-4D9A-92C4-B520F126E8DE}.Debug|Any CPU.ActiveCfg = Debug|Any CPU
		{C31BB4BA-9914-4D9A-92C4-B520F126E8DE}.Debug|Any CPU.Build.0 = Debug|Any CPU
		{C31BB4BA-9914-4D9A-92C4-B520F126E8DE}.Release|Any CPU.ActiveCfg = Release|Any CPU
		{C31BB4BA-9914-4D9A-92C4-B520F126E8DE}.Release|Any CPU.Build.0 = Release|Any CPU
		{5CD23096-836D-47CB-BC3F-3C035C6F2C21}.Debug|Any CPU.ActiveCfg = Debug|Any CPU
		{5CD23096-836D-47CB-BC3F-3C035C6F2C21}.Debug|Any CPU.Build.0 = Debug|Any CPU
		{5CD23096-836D-47CB-BC3F-3C035C6F2C21}.Release|Any CPU.ActiveCfg = Release|Any CPU
		{5CD23096-836D-47CB-BC3F-3C035C6F2C21}.Release|Any CPU.Build.0 = Release|Any CPU
	EndGlobalSection
	GlobalSection(SolutionProperties) = preSolution
		HideSolutionNode = FALSE
	EndGlobalSection
	GlobalSection(ExtensibilityGlobals) = postSolution
		SolutionGuid = {3630694C-1A8B-4C4A-9FAF-BCB535DBD4B4}
	EndGlobalSection
EndGlobal
